{
  "name": "sw-ourbox-os-dataset",
  "version": "0.0.0",
  "lockfileVersion": 3,
  "requires": true,
  "packages": {
    "": {
      "name": "sw-ourbox-os-dataset",
      "version": "0.0.0",
      "license": "MIT",
      "devDependencies": {
        "@graphmd/dataset": "0.x"
      }
    },
    "node_modules/@graphmd/dataset": {
      "version": "0.13.1",
      "resolved": "https://registry.npmjs.org/@graphmd/dataset/-/dataset-0.13.1.tgz",
      "integrity": "",
      "dev": true
    }
  },
  "dependencies": {
    "@graphmd/dataset": {
      "version": "0.13.1",
      "resolved": "https://registry.npmjs.org/@graphmd/dataset/-/dataset-0.13.1.tgz",
      "integrity": ""
    }
  }
}
