{
  "name": "sw-ourbox-os-dataset",
  "version": "0.0.0",
  "lockfileVersion": 3,
  "requires": true,
  "packages": {
    "": {
      "name": "sw-ourbox-os-dataset",
      "version": "0.0.0",
      "license": "MIT",
      "devDependencies": {
        "@graphmd/dataset": "0.x",
        "@noble/hashes": "^2.0.1",
        "yaml": "^2.8.2"
      },
      "engines": {
        "node": ">=20"
      }
    },
    "node_modules/@graphmd/dataset": {
      "version": "0.13.1",
      "resolved": "https://registry.npmjs.org/@graphmd/dataset/-/dataset-0.13.1.tgz",
      "integrity": "sha512-W3vXKZKRiCLjS4GFZRCeenwe+rb1G/tqcBw8BfeqZ1hhauTGI+1N7kbP69kMeWZ+Vg+iq0b2CmxWQE8no2Kb+g==",
      "dev": true
    },
    "node_modules/@noble/hashes": {
      "version": "2.0.1",
      "resolved": "https://registry.npmjs.org/@noble/hashes/-/hashes-2.0.1.tgz",
      "integrity": "sha512-XlOlEbQcE9fmuXxrVTXCTlG2nlRXa9Rj3rr5Ue/+tX+nmkgbX720YHh0VR3hBF9xDvwnb8D2shVGOwNx+ulArw==",
      "dev": true,
      "license": "MIT",
      "engines": {
        "node": ">= 20.19.0"
      },
      "funding": {
        "url": "https://paulmillr.com/funding/"
      }
    },
    "node_modules/yaml": {
      "version": "2.8.2",
      "resolved": "https://registry.npmjs.org/yaml/-/yaml-2.8.2.tgz",
      "integrity": "sha512-mplynKqc1C2hTVYxd0PU2xQAc22TI1vShAYGksCCfxbn/dFwnHTNi1bvYsBTkhdUNtGIf5xNOg938rrSSYvS9A==",
      "dev": true,
      "bin": {
        "yaml": "bin.mjs"
      },
      "engines": {
        "node": ">= 14.6"
      },
      "funding": {
        "url": "https://github.com/sponsors/eemeli"
      }
    }
  }
}
