{
  "name": "sw-ourbox-os-dataset",
  "version": "0.0.0",
  "lockfileVersion": 3,
  "requires": true,
  "packages": {
    "": {
      "name": "sw-ourbox-os-dataset",
      "version": "0.0.0",
      "devDependencies": {
        "@graphmd/dataset": "0.x"
      }
    },
    "node_modules/@graphmd/dataset": {
      "version": "0.1.0"
    }
  },
  "dependencies": {
    "@graphmd/dataset": {
      "version": "0.1.0"
    }
  }
}
